
Microsoft Visual Studio Solution File, Format Version 12.00
# Visual Studio 14
VisualStudioVersion = 14.0.25420.1
MinimumVisualStudioVersion = 10.0.40219.1
Project("{8BC9CEB8-8B4A-11D0-8D11-00A0C91BC942}") = "RenderUtils", "RenderUtils\RenderUtils.vcxproj", "{245F49BD-51FA-4EAC-B714-6A0C91DDD2CD}"
EndProject
Project("{8BC9CEB8-8B4A-11D0-8D11-00A0C91BC942}") = "TriangleTest", "TriangleTest\TriangleTest.vcxproj", "{E632C7B1-DD49-43AC-B421-A82DE3FD9150}"
	ProjectSection(ProjectDependencies) = postProject
		{245F49BD-51FA-4EAC-B714-6A0C91DDD2CD} = {245F49BD-51FA-4EAC-B714-6A0C91DDD2CD}
	EndProjectSection
EndProject
Project("{8BC9CEB8-8B4A-11D0-8D11-00A0C91BC942}") = "CameraTest", "CameraTest\CameraTest.vcxproj", "{C33C5D80-8EDA-43A0-97FA-E0D945328FC6}"
	ProjectSection(ProjectDependencies) = postProject
		{245F49BD-51FA-4EAC-B714-6A0C91DDD2CD} = {245F49BD-51FA-4EAC-B714-6A0C91DDD2CD}
	EndProjectSection
EndProject
Global
	GlobalSection(SolutionConfigurationPlatforms) = preSolution
		Debug|x64 = Debug|x64
		Debug|x86 = Debug|x86
		Release|x64 = Release|x64
		Release|x86 = Release|x86
	EndGlobalSection
	GlobalSection(ProjectConfigurationPlatforms) = postSolution
		{245F49BD-51FA-4EAC-B714-6A0C91DDD2CD}.Debug|x64.ActiveCfg = Debug|x64
		{245F49BD-51FA-4EAC-B714-6A0C91DDD2CD}.Debug|x64.Build.0 = Debug|x64
		{245F49BD-51FA-4EAC-B714-6A0C91DDD2CD}.Debug|x86.ActiveCfg = Debug|Win32
		{245F49BD-51FA-4EAC-B714-6A0C91DDD2CD}.Debug|x86.Build.0 = Debug|Win32
		{245F49BD-51FA-4EAC-B714-6A0C91DDD2CD}.Release|x64.ActiveCfg = Release|x64
		{245F49BD-51FA-4EAC-B714-6A0C91DDD2CD}.Release|x64.Build.0 = Release|x64
		{245F49BD-51FA-4EAC-B714-6A0C91DDD2CD}.Release|x86.ActiveCfg = Release|Win32
		{245F49BD-51FA-4EAC-B714-6A0C91DDD2CD}.Release|x86.Build.0 = Release|Win32
		{E632C7B1-DD49-43AC-B421-A82DE3FD9150}.Debug|x64.ActiveCfg = Debug|x64
		{E632C7B1-DD49-43AC-B421-A82DE3FD9150}.Debug|x64.Build.0 = Debug|x64
		{E632C7B1-DD49-43AC-B421-A82DE3FD9150}.Debug|x86.ActiveCfg = Debug|Win32
		{E632C7B1-DD49-43AC-B421-A82DE3FD9150}.Debug|x86.Build.0 = Debug|Win32
		{E632C7B1-DD49-43AC-B421-A82DE3FD9150}.Release|x64.ActiveCfg = Release|x64
		{E632C7B1-DD49-43AC-B421-A82DE3FD9150}.Release|x64.Build.0 = Release|x64
		{E632C7B1-DD49-43AC-B421-A82DE3FD9150}.Release|x86.ActiveCfg = Release|Win32
		{E632C7B1-DD49-43AC-B421-A82DE3FD9150}.Release|x86.Build.0 = Release|Win32
		{C33C5D80-8EDA-43A0-97FA-E0D945328FC6}.Debug|x64.ActiveCfg = Debug|x64
		{C33C5D80-8EDA-43A0-97FA-E0D945328FC6}.Debug|x64.Build.0 = Debug|x64
		{C33C5D80-8EDA-43A0-97FA-E0D945328FC6}.Debug|x86.ActiveCfg = Debug|Win32
		{C33C5D80-8EDA-43A0-97FA-E0D945328FC6}.Debug|x86.Build.0 = Debug|Win32
		{C33C5D80-8EDA-43A0-97FA-E0D945328FC6}.Release|x64.ActiveCfg = Release|x64
		{C33C5D80-8EDA-43A0-97FA-E0D945328FC6}.Release|x64.Build.0 = Release|x64
		{C33C5D80-8EDA-43A0-97FA-E0D945328FC6}.Release|x86.ActiveCfg = Release|Win32
		{C33C5D80-8EDA-43A0-97FA-E0D945328FC6}.Release|x86.Build.0 = Release|Win32
	EndGlobalSection
	GlobalSection(SolutionProperties) = preSolution
		HideSolutionNode = FALSE
	EndGlobalSection
EndGlobal
